
Microsoft Visual Studio Solution File, Format Version 12.00
# Visual Studio 14
VisualStudioVersion = 14.0.25420.1
MinimumVisualStudioVersion = 10.0.40219.1
Project("{FAE04EC0-301F-11D3-BF4B-00C04F79EFBC}") = "ClothBazar.Web", "ClothBazar.Web\ClothBazar.Web.csproj", "{9C378C3C-BF31-4758-88A1-673CC57A9E5E}"
EndProject
Project("{FAE04EC0-301F-11D3-BF4B-00C04F79EFBC}") = "ClothBazar.Entities", "ClothBazar.Entities\ClothBazar.Entities.csproj", "{140E0E4D-3A36-498A-86B8-836E198CA3DC}"
EndProject
Project("{FAE04EC0-301F-11D3-BF4B-00C04F79EFBC}") = "ClothBazar.DataBase", "ClothBazar.DataBase\ClothBazar.DataBase.csproj", "{96417E7A-A1A3-4530-9FEC-55C0F6FACC44}"
EndProject
Global
	GlobalSection(SolutionConfigurationPlatforms) = preSolution
		Debug|Any CPU = Debug|Any CPU
		Release|Any CPU = Release|Any CPU
	EndGlobalSection
	GlobalSection(ProjectConfigurationPlatforms) = postSolution
		{9C378C3C-BF31-4758-88A1-673CC57A9E5E}.Debug|Any CPU.ActiveCfg = Debug|Any CPU
		{9C378C3C-BF31-4758-88A1-673CC57A9E5E}.Debug|Any CPU.Build.0 = Debug|Any CPU
		{9C378C3C-BF31-4758-88A1-673CC57A9E5E}.Release|Any CPU.ActiveCfg = Release|Any CPU
		{9C378C3C-BF31-4758-88A1-673CC57A9E5E}.Release|Any CPU.Build.0 = Release|Any CPU
		{140E0E4D-3A36-498A-86B8-836E198CA3DC}.Debug|Any CPU.ActiveCfg = Debug|Any CPU
		{140E0E4D-3A36-498A-86B8-836E198CA3DC}.Debug|Any CPU.Build.0 = Debug|Any CPU
		{140E0E4D-3A36-498A-86B8-836E198CA3DC}.Release|Any CPU.ActiveCfg = Release|Any CPU
		{140E0E4D-3A36-498A-86B8-836E198CA3DC}.Release|Any CPU.Build.0 = Release|Any CPU
		{96417E7A-A1A3-4530-9FEC-55C0F6FACC44}.Debug|Any CPU.ActiveCfg = Debug|Any CPU
		{96417E7A-A1A3-4530-9FEC-55C0F6FACC44}.Debug|Any CPU.Build.0 = Debug|Any CPU
		{96417E7A-A1A3-4530-9FEC-55C0F6FACC44}.Release|Any CPU.ActiveCfg = Release|Any CPU
		{96417E7A-A1A3-4530-9FEC-55C0F6FACC44}.Release|Any CPU.Build.0 = Release|Any CPU
	EndGlobalSection
	GlobalSection(SolutionProperties) = preSolution
		HideSolutionNode = FALSE
	EndGlobalSection
EndGlobal
